
Microsoft Visual Studio Solution File, Format Version 12.00
# Visual Studio Version 17
VisualStudioVersion = 17.13.35806.99
MinimumVisualStudioVersion = 10.0.40219.1
Project("{FAE04EC0-301F-11D3-BF4B-00C04F79EFBC}") = "Pract2", "Pract2\Pract2.csproj", "{F122A3CC-A3B8-4342-8DA1-67B479E1305C}"
EndProject
Project("{FAE04EC0-301F-11D3-BF4B-00C04F79EFBC}") = "HT1", "HT1\HT1.csproj", "{FEFCF0EA-1778-430E-B5DF-EAFA4286B5B2}"
EndProject
Project("{FAE04EC0-301F-11D3-BF4B-00C04F79EFBC}") = "Pract1", "Pract1\Pract1.csproj", "{518C4A03-D3DB-499A-8FA6-78C23242FCD4}"
EndProject
Project("{FAE04EC0-301F-11D3-BF4B-00C04F79EFBC}") = "Pract3", "Pract3\Pract3.csproj", "{66D2E446-30AA-4E79-9E14-C43115AFD8E6}"
EndProject
Project("{FAE04EC0-301F-11D3-BF4B-00C04F79EFBC}") = "Mod1", "Mod1\Mod1.csproj", "{AE0F7880-E5A0-4A6B-AFC8-1270212C3D1A}"
EndProject
Global
	GlobalSection(SolutionConfigurationPlatforms) = preSolution
		Debug|Any CPU = Debug|Any CPU
		Release|Any CPU = Release|Any CPU
	EndGlobalSection
	GlobalSection(ProjectConfigurationPlatforms) = postSolution
		{F122A3CC-A3B8-4342-8DA1-67B479E1305C}.Debug|Any CPU.ActiveCfg = Debug|Any CPU
		{F122A3CC-A3B8-4342-8DA1-67B479E1305C}.Debug|Any CPU.Build.0 = Debug|Any CPU
		{F122A3CC-A3B8-4342-8DA1-67B479E1305C}.Release|Any CPU.ActiveCfg = Release|Any CPU
		{F122A3CC-A3B8-4342-8DA1-67B479E1305C}.Release|Any CPU.Build.0 = Release|Any CPU
		{FEFCF0EA-1778-430E-B5DF-EAFA4286B5B2}.Debug|Any CPU.ActiveCfg = Debug|Any CPU
		{FEFCF0EA-1778-430E-B5DF-EAFA4286B5B2}.Debug|Any CPU.Build.0 = Debug|Any CPU
		{FEFCF0EA-1778-430E-B5DF-EAFA4286B5B2}.Release|Any CPU.ActiveCfg = Release|Any CPU
		{FEFCF0EA-1778-430E-B5DF-EAFA4286B5B2}.Release|Any CPU.Build.0 = Release|Any CPU
		{518C4A03-D3DB-499A-8FA6-78C23242FCD4}.Debug|Any CPU.ActiveCfg = Debug|Any CPU
		{518C4A03-D3DB-499A-8FA6-78C23242FCD4}.Debug|Any CPU.Build.0 = Debug|Any CPU
		{518C4A03-D3DB-499A-8FA6-78C23242FCD4}.Release|Any CPU.ActiveCfg = Release|Any CPU
		{518C4A03-D3DB-499A-8FA6-78C23242FCD4}.Release|Any CPU.Build.0 = Release|Any CPU
		{66D2E446-30AA-4E79-9E14-C43115AFD8E6}.Debug|Any CPU.ActiveCfg = Debug|Any CPU
		{66D2E446-30AA-4E79-9E14-C43115AFD8E6}.Debug|Any CPU.Build.0 = Debug|Any CPU
		{66D2E446-30AA-4E79-9E14-C43115AFD8E6}.Release|Any CPU.ActiveCfg = Release|Any CPU
		{66D2E446-30AA-4E79-9E14-C43115AFD8E6}.Release|Any CPU.Build.0 = Release|Any CPU
		{AE0F7880-E5A0-4A6B-AFC8-1270212C3D1A}.Debug|Any CPU.ActiveCfg = Debug|Any CPU
		{AE0F7880-E5A0-4A6B-AFC8-1270212C3D1A}.Debug|Any CPU.Build.0 = Debug|Any CPU
		{AE0F7880-E5A0-4A6B-AFC8-1270212C3D1A}.Release|Any CPU.ActiveCfg = Release|Any CPU
		{AE0F7880-E5A0-4A6B-AFC8-1270212C3D1A}.Release|Any CPU.Build.0 = Release|Any CPU
	EndGlobalSection
	GlobalSection(SolutionProperties) = preSolution
		HideSolutionNode = FALSE
	EndGlobalSection
	GlobalSection(ExtensibilityGlobals) = postSolution
		SolutionGuid = {6010F6E6-F14A-4008-8558-DD4932987410}
	EndGlobalSection
EndGlobal
